
Microsoft Visual Studio Solution File, Format Version 12.00
# Visual Studio 15
VisualStudioVersion = 15.0.28307.705
MinimumVisualStudioVersion = 10.0.40219.1
Project("{FAE04EC0-301F-11D3-BF4B-00C04F79EFBC}") = "project", "Email\project.csproj", "{94E28793-230D-4DE4-B33C-EFA12E574F64}"
EndProject
Global
	GlobalSection(SolutionConfigurationPlatforms) = preSolution
		Debug|Any CPU = Debug|Any CPU
		Release|Any CPU = Release|Any CPU
	EndGlobalSection
	GlobalSection(ProjectConfigurationPlatforms) = postSolution
		{94E28793-230D-4DE4-B33C-EFA12E574F64}.Debug|Any CPU.ActiveCfg = Debug|Any CPU
		{94E28793-230D-4DE4-B33C-EFA12E574F64}.Debug|Any CPU.Build.0 = Debug|Any CPU
		{94E28793-230D-4DE4-B33C-EFA12E574F64}.Release|Any CPU.ActiveCfg = Release|Any CPU
		{94E28793-230D-4DE4-B33C-EFA12E574F64}.Release|Any CPU.Build.0 = Release|Any CPU
	EndGlobalSection
	GlobalSection(SolutionProperties) = preSolution
		HideSolutionNode = FALSE
	EndGlobalSection
	GlobalSection(ExtensibilityGlobals) = postSolution
		SolutionGuid = {06E6DCD5-65E1-4AB0-974D-BD8981A4AA3D}
	EndGlobalSection
EndGlobal
